# THIS IS AN AUTOGENERATED FILE. DO NOT EDIT THIS FILE DIRECTLY.
# yarn lockfile v1


"@babel/helper-string-parser@^7.27.1":
  "integrity" "sha512-qMlSxKbpRlAridDExk92nSobyDdpPijUq2DW6oDnUqd0iOGxmQjyqhMIihI9+zv4LPyZdRje2cavWPbCbWm3eA=="
  "resolved" "https://registry.npmmirror.com/@babel/helper-string-parser/-/helper-string-parser-7.27.1.tgz"
  "version" "7.27.1"

"@babel/helper-validator-identifier@^7.28.5":
  "integrity" "sha512-qSs4ifwzKJSV39ucNjsvc6WVHs6b7S03sOh2OcHF9UHfVPqWWALUsNUVzhSBiItjRZoLHx7nIarVjqKVusUZ1Q=="
  "resolved" "https://registry.npmmirror.com/@babel/helper-validator-identifier/-/helper-validator-identifier-7.28.5.tgz"
  "version" "7.28.5"

"@babel/parser@^7.29.2":
  "integrity" "sha512-4GgRzy/+fsBa72/RZVJmGKPmZu9Byn8o4MoLpmNe1m8ZfYnz5emHLQz3U4gLud6Zwl0RZIcgiLD7Uq7ySFuDLA=="
  "resolved" "https://registry.npmmirror.com/@babel/parser/-/parser-7.29.2.tgz"
  "version" "7.29.2"
  dependencies:
    "@babel/types" "^7.29.0"

"@babel/types@^7.29.0":
  "integrity" "sha512-LwdZHpScM4Qz8Xw2iKSzS+cfglZzJGvofQICy7W7v4caru4EaAmyUuO6BGrbyQ2mYV11W0U8j5mBhd14dd3B0A=="
  "resolved" "https://registry.npmmirror.com/@babel/types/-/types-7.29.0.tgz"
  "version" "7.29.0"
  dependencies:
    "@babel/helper-string-parser" "^7.27.1"
    "@babel/helper-validator-identifier" "^7.28.5"

"@codemirror/autocomplete@^6.0.0", "@codemirror/autocomplete@^6.3.2":
  "integrity" "sha512-1cvg3Vz1dSSToCNlJfRA2WSI4ht3K+WplO0UMOgmUYPivCyy2oueZY6Lx7M9wThm7SDUBViRmuT+OG/i8+ON9A=="
  "resolved" "https://registry.npmmirror.com/@codemirror/autocomplete/-/autocomplete-6.20.1.tgz"
  "version" "6.20.1"
  dependencies:
    "@codemirror/language" "^6.0.0"
    "@codemirror/state" "^6.0.0"
    "@codemirror/view" "^6.17.0"
    "@lezer/common" "^1.0.0"

"@codemirror/commands@^6.0.0":
  "integrity" "sha512-JFRiqhKu+bvSkDLI+rUhJwSxQxYb759W5GBezE8Uc8mHLqC9aV/9aTC7yJSqCtB3F00pylrLCwnyS91Ap5ej4Q=="
  "resolved" "https://registry.npmmirror.com/@codemirror/commands/-/commands-6.10.3.tgz"
  "version" "6.10.3"
  dependencies:
    "@codemirror/language" "^6.0.0"
    "@codemirror/state" "^6.6.0"
    "@codemirror/view" "^6.27.0"
    "@lezer/common" "^1.1.0"

"@codemirror/lang-python@^6.2.1":
  "integrity" "sha512-IRjC8RUBhn9mGR9ywecNhB51yePWCGgvHfY1lWN/Mrp3cKuHr0isDKia+9HnvhiWNnMpbGhWrkhuWOc09exRyw=="
  "resolved" "https://registry.npmmirror.com/@codemirror/lang-python/-/lang-python-6.2.1.tgz"
  "version" "6.2.1"
  dependencies:
    "@codemirror/autocomplete" "^6.3.2"
    "@codemirror/language" "^6.8.0"
    "@codemirror/state" "^6.0.0"
    "@lezer/common" "^1.2.1"
    "@lezer/python" "^1.1.4"

"@codemirror/language@^6.0.0", "@codemirror/language@^6.8.0":
  "integrity" "sha512-QwCZW6Tt1siP37Jet9Tb02Zs81TQt6qQrZR2H+eGMcFsL1zMrk2/b9CLC7/9ieP1fjIUMgviLWMmgiHoJrj+ZA=="
  "resolved" "https://registry.npmmirror.com/@codemirror/language/-/language-6.12.3.tgz"
  "version" "6.12.3"
  dependencies:
    "@codemirror/state" "^6.0.0"
    "@codemirror/view" "^6.23.0"
    "@lezer/common" "^1.5.0"
    "@lezer/highlight" "^1.0.0"
    "@lezer/lr" "^1.0.0"
    "style-mod" "^4.0.0"

"@codemirror/lint@^6.0.0":
  "integrity" "sha512-GElsbU9G7QT9xXhpUg1zWGmftA/7jamh+7+ydKRuT0ORpWS3wOSP0yT1FOlIZa7mIJjpVPipErsyvVqB9cfTFA=="
  "resolved" "https://registry.npmmirror.com/@codemirror/lint/-/lint-6.9.5.tgz"
  "version" "6.9.5"
  dependencies:
    "@codemirror/state" "^6.0.0"
    "@codemirror/view" "^6.35.0"
    "crelt" "^1.0.5"

"@codemirror/search@^6.0.0":
  "integrity" "sha512-ZvGm99wc/s2cITtMT15LFdn8aH/aS+V+DqyGq/N5ZlV5vWtH+nILvC2nw0zX7ByNoHHDZ2IxxdW38O0tc5nVHg=="
  "resolved" "https://registry.npmmirror.com/@codemirror/search/-/search-6.7.0.tgz"
  "version" "6.7.0"
  dependencies:
    "@codemirror/state" "^6.0.0"
    "@codemirror/view" "^6.37.0"
    "crelt" "^1.0.5"

"@codemirror/state@^6.0.0", "@codemirror/state@^6.6.0":
  "integrity" "sha512-4nbvra5R5EtiCzr9BTHiTLc+MLXK2QGiAVYMyi8PkQd3SR+6ixar/Q/01Fa21TBIDOZXgeWV4WppsQolSreAPQ=="
  "resolved" "https://registry.npmmirror.com/@codemirror/state/-/state-6.6.0.tgz"
  "version" "6.6.0"
  dependencies:
    "@marijn/find-cluster-break" "^1.0.0"

"@codemirror/theme-one-dark@^6.1.3":
  "integrity" "sha512-NzBdIvEJmx6fjeremiGp3t/okrLPYT0d9orIc7AFun8oZcRk58aejkqhv6spnz4MLAevrKNPMQYXEWMg4s+sKA=="
  "resolved" "https://registry.npmmirror.com/@codemirror/theme-one-dark/-/theme-one-dark-6.1.3.tgz"
  "version" "6.1.3"
  dependencies:
    "@codemirror/language" "^6.0.0"
    "@codemirror/state" "^6.0.0"
    "@codemirror/view" "^6.0.0"
    "@lezer/highlight" "^1.0.0"

"@codemirror/view@^6.0.0", "@codemirror/view@^6.17.0", "@codemirror/view@^6.23.0", "@codemirror/view@^6.27.0", "@codemirror/view@^6.35.0", "@codemirror/view@^6.37.0":
  "integrity" "sha512-ToDnWKbBnke+ZLrP6vgTTDScGi5H37YYuZGniQaBzxMVdtCxMrslsmtnOvbPZk4RX9bvkQqnWR/WS/35tJA0qg=="
  "resolved" "https://registry.npmmirror.com/@codemirror/view/-/view-6.41.1.tgz"
  "version" "6.41.1"
  dependencies:
    "@codemirror/state" "^6.6.0"
    "crelt" "^1.0.6"
    "style-mod" "^4.1.0"
    "w3c-keyname" "^2.2.4"

"@ctrl/tinycolor@^4.2.0":
  "integrity" "sha512-kzyuwOAQnXJNLS9PSyrk0CWk35nWJW/zl/6KvnTBMFK65gm7U1/Z5BqjxeapjZCIhQcM/DsrEmcbRwDyXyXK4A=="
  "resolved" "https://registry.npmmirror.com/@ctrl/tinycolor/-/tinycolor-4.2.0.tgz"
  "version" "4.2.0"

"@element-plus/icons-vue@^2.3.2":
  "integrity" "sha512-OzIuTaIfC8QXEPmJvB4Y4kw34rSXdCJzxcD1kFStBvr8bK6X1zQAYDo0CNMjojnfTqRQCJ0I7prlErcoRiET2A=="
  "resolved" "https://registry.npmmirror.com/@element-plus/icons-vue/-/icons-vue-2.3.2.tgz"
  "version" "2.3.2"

"@esbuild/win32-x64@0.21.5":
  "integrity" "sha512-tQd/1efJuzPC6rCFwEvLtci/xNFcTZknmXs98FYDfGE4wP9ClFV98nyKrzJKVPMhdDnjzLhdUyMX4PsQAPjwIw=="
  "resolved" "https://registry.npmmirror.com/@esbuild/win32-x64/-/win32-x64-0.21.5.tgz"
  "version" "0.21.5"

"@floating-ui/core@^1.7.5":
  "integrity" "sha512-1Ih4WTWyw0+lKyFMcBHGbb5U5FtuHJuujoyyr5zTaWS5EYMeT6Jb2AuDeftsCsEuchO+mM2ij5+q9crhydzLhQ=="
  "resolved" "https://registry.npmmirror.com/@floating-ui/core/-/core-1.7.5.tgz"
  "version" "1.7.5"
  dependencies:
    "@floating-ui/utils" "^0.2.11"

"@floating-ui/dom@^1.0.1":
  "integrity" "sha512-9gZSAI5XM36880PPMm//9dfiEngYoC6Am2izES1FF406YFsjvyBMmeJ2g4SAju3xWwtuynNRFL2s9hgxpLI5SQ=="
  "resolved" "https://registry.npmmirror.com/@floating-ui/dom/-/dom-1.7.6.tgz"
  "version" "1.7.6"
  dependencies:
    "@floating-ui/core" "^1.7.5"
    "@floating-ui/utils" "^0.2.11"

"@floating-ui/utils@^0.2.11":
  "integrity" "sha512-RiB/yIh78pcIxl6lLMG0CgBXAZ2Y0eVHqMPYugu+9U0AeT6YBeiJpf7lbdJNIugFP5SIjwNRgo4DhR1Qxi26Gg=="
  "resolved" "https://registry.npmmirror.com/@floating-ui/utils/-/utils-0.2.11.tgz"
  "version" "0.2.11"

"@jridgewell/sourcemap-codec@^1.5.5":
  "integrity" "sha512-cYQ9310grqxueWbl+WuIUIaiUaDcj7WOq5fVhEljNVgRfOUhY9fy2zTvfoqWsnebh8Sl70VScFbICvJnLKB0Og=="
  "resolved" "https://registry.npmmirror.com/@jridgewell/sourcemap-codec/-/sourcemap-codec-1.5.5.tgz"
  "version" "1.5.5"

"@lezer/common@^1.0.0", "@lezer/common@^1.1.0", "@lezer/common@^1.2.0", "@lezer/common@^1.2.1", "@lezer/common@^1.3.0", "@lezer/common@^1.5.0":
  "integrity" "sha512-sxQE460fPZyU3sdc8lafxiPwJHBzZRy/udNFynGQky1SePYBdhkBl1kOagA9uT3pxR8K09bOrmTUqA9wb/PjSQ=="
  "resolved" "https://registry.npmmirror.com/@lezer/common/-/common-1.5.2.tgz"
  "version" "1.5.2"

"@lezer/highlight@^1.0.0":
  "integrity" "sha512-qXdH7UqTvGfdVBINrgKhDsVTJTxactNNxLk7+UMwZhU13lMHaOBlJe9Vqp907ya56Y3+ed2tlqzys7jDkTmW0g=="
  "resolved" "https://registry.npmmirror.com/@lezer/highlight/-/highlight-1.2.3.tgz"
  "version" "1.2.3"
  dependencies:
    "@lezer/common" "^1.3.0"

"@lezer/lr@^1.0.0":
  "integrity" "sha512-rnCpTIBafOx4mRp43xOxDJbFipJm/c0cia/V5TiGlhmMa+wsSdoGmUN3w5Bqrks/09Q/D4tNAmWaT8p6NRi77A=="
  "resolved" "https://registry.npmmirror.com/@lezer/lr/-/lr-1.4.10.tgz"
  "version" "1.4.10"
  dependencies:
    "@lezer/common" "^1.0.0"

"@lezer/python@^1.1.4":
  "integrity" "sha512-31FiUrU7z9+d/ElGQLJFXl+dKOdx0jALlP3KEOsGTex8mvj+SoE1FgItcHWK/axkxCHGUSpqIHt6JAWfWu9Rhg=="
  "resolved" "https://registry.npmmirror.com/@lezer/python/-/python-1.1.18.tgz"
  "version" "1.1.18"
  dependencies:
    "@lezer/common" "^1.2.0"
    "@lezer/highlight" "^1.0.0"
    "@lezer/lr" "^1.0.0"

"@marijn/find-cluster-break@^1.0.0":
  "integrity" "sha512-l0h88YhZFyKdXIFNfSWpyjStDjGHwZ/U7iobcK1cQQD8sejsONdQtTVU+1wVN1PBw40PiiHB1vA5S7VTfQiP9g=="
  "resolved" "https://registry.npmmirror.com/@marijn/find-cluster-break/-/find-cluster-break-1.0.2.tgz"
  "version" "1.0.2"

"@parcel/watcher-win32-x64@2.5.6":
  "integrity" "sha512-hbQlYcCq5dlAX9Qx+kFb0FHue6vbjlf0FrNzSKdYK2APUf7tGfGxQCk2ihEREmbR6ZMc0MVAD5RIX/41gpUzTw=="
  "resolved" "https://registry.npmmirror.com/@parcel/watcher-win32-x64/-/watcher-win32-x64-2.5.6.tgz"
  "version" "2.5.6"

"@parcel/watcher@^2.4.1":
  "integrity" "sha512-tmmZ3lQxAe/k/+rNnXQRawJ4NjxO2hqiOLTHvWchtGZULp4RyFeh6aU4XdOYBFe2KE1oShQTv4AblOs2iOrNnQ=="
  "resolved" "https://registry.npmmirror.com/@parcel/watcher/-/watcher-2.5.6.tgz"
  "version" "2.5.6"
  dependencies:
    "detect-libc" "^2.0.3"
    "is-glob" "^4.0.3"
    "node-addon-api" "^7.0.0"
    "picomatch" "^4.0.3"
  optionalDependencies:
    "@parcel/watcher-android-arm64" "2.5.6"
    "@parcel/watcher-darwin-arm64" "2.5.6"
    "@parcel/watcher-darwin-x64" "2.5.6"
    "@parcel/watcher-freebsd-x64" "2.5.6"
    "@parcel/watcher-linux-arm-glibc" "2.5.6"
    "@parcel/watcher-linux-arm-musl" "2.5.6"
    "@parcel/watcher-linux-arm64-glibc" "2.5.6"
    "@parcel/watcher-linux-arm64-musl" "2.5.6"
    "@parcel/watcher-linux-x64-glibc" "2.5.6"
    "@parcel/watcher-linux-x64-musl" "2.5.6"
    "@parcel/watcher-win32-arm64" "2.5.6"
    "@parcel/watcher-win32-ia32" "2.5.6"
    "@parcel/watcher-win32-x64" "2.5.6"

"@popperjs/core@npm:@sxzz/popperjs-es@^2.11.7":
  "integrity" "sha512-wOwESXvvED3S8xBmcPWHs2dUuzrE4XiZeFu7e1hROIJkm02a49N120pmOXxY33sBb6hArItm5W5tcg1cBtV+HQ=="
  "resolved" "https://registry.npmmirror.com/@sxzz/popperjs-es/-/popperjs-es-2.11.8.tgz"
  "version" "2.11.8"

"@rollup/rollup-win32-x64-gnu@4.60.1":
  "integrity" "sha512-k+600V9Zl1CM7eZxJgMyTUzmrmhB/0XZnF4pRypKAlAgxmedUA+1v9R+XOFv56W4SlHEzfeMtzujLJD22Uz5zg=="
  "resolved" "https://registry.npmmirror.com/@rollup/rollup-win32-x64-gnu/-/rollup-win32-x64-gnu-4.60.1.tgz"
  "version" "4.60.1"

"@rollup/rollup-win32-x64-msvc@4.60.1":
  "integrity" "sha512-lWMnixq/QzxyhTV6NjQJ4SFo1J6PvOX8vUx5Wb4bBPsEb+8xZ89Bz6kOXpfXj9ak9AHTQVQzlgzBEc1SyM27xQ=="
  "resolved" "https://registry.npmmirror.com/@rollup/rollup-win32-x64-msvc/-/rollup-win32-x64-msvc-4.60.1.tgz"
  "version" "4.60.1"

"@types/estree@1.0.8":
  "integrity" "sha512-dWHzHa2WqEXI/O1E9OjrocMTKJl2mSrEolh1Iomrv6U+JuNwaHXsXx9bLu5gG7BUWFIN0skIQJQ/L1rIex4X6w=="
  "resolved" "https://registry.npmmirror.com/@types/estree/-/estree-1.0.8.tgz"
  "version" "1.0.8"

"@types/lodash-es@*", "@types/lodash-es@^4.17.12":
  "integrity" "sha512-0NgftHUcV4v34VhXm8QBSftKVXtbkBG3ViCjs6+eJ5a6y6Mi/jiFGPc1sC7QK+9BFhWrURE3EOggmWaSxL9OzQ=="
  "resolved" "https://registry.npmmirror.com/@types/lodash-es/-/lodash-es-4.17.12.tgz"
  "version" "4.17.12"
  dependencies:
    "@types/lodash" "*"

"@types/lodash@*", "@types/lodash@^4.17.20":
  "integrity" "sha512-gIW7lQLZbue7lRSWEFql49QJJWThrTFFeIMJdp3eH4tKoxm1OvEPg02rm4wCCSHS0cL3/Fizimb35b7k8atwsQ=="
  "resolved" "https://registry.npmmirror.com/@types/lodash/-/lodash-4.17.24.tgz"
  "version" "4.17.24"

"@types/node@^18.0.0 || >=20.0.0", "@types/node@^22.13.10":
  "integrity" "sha512-wGdMcf+vPYM6jikpS/qhg6WiqSV/OhG+jeeHT/KlVqxYfD40iYJf9/AE1uQxVWFvU7MipKRkRv8NSHiCGgPr8Q=="
  "resolved" "https://registry.npmmirror.com/@types/node/-/node-22.19.17.tgz"
  "version" "22.19.17"
  dependencies:
    "undici-types" "~6.21.0"

"@types/trusted-types@^2.0.7":
  "integrity" "sha512-ScaPdn1dQczgbl0QFTeTOmVHFULt394XJgOQNoyVhZ6r2vLnMLJfBPd53SB52T/3G36VI1/g2MZaX0cwDuXsfw=="
  "resolved" "https://registry.npmmirror.com/@types/trusted-types/-/trusted-types-2.0.7.tgz"
  "version" "2.0.7"

"@types/web-bluetooth@^0.0.20":
  "integrity" "sha512-g9gZnnXVq7gM7v3tJCWV/qw7w+KeOlSHAhgF9RytFyifW6AF61hdT2ucrYhPq9hLs5JIryeupHV3qGk95dH9ow=="
  "resolved" "https://registry.npmmirror.com/@types/web-bluetooth/-/web-bluetooth-0.0.20.tgz"
  "version" "0.0.20"

"@vitejs/plugin-vue@^5.2.1":
  "integrity" "sha512-7Yx/SXSOcQq5HiiV3orevHUFn+pmMB4cgbEkDYgnkUWb0WfeQ/wa2yFv6D5ICiCQOVpjA7vYDXrC7AGO8yjDHA=="
  "resolved" "https://registry.npmmirror.com/@vitejs/plugin-vue/-/plugin-vue-5.2.4.tgz"
  "version" "5.2.4"

"@volar/language-core@2.4.15":
  "integrity" "sha512-3VHw+QZU0ZG9IuQmzT68IyN4hZNd9GchGPhbD9+pa8CVv7rnoOZwo7T8weIbrRmihqy3ATpdfXFnqRrfPVK6CA=="
  "resolved" "https://registry.npmmirror.com/@volar/language-core/-/language-core-2.4.15.tgz"
  "version" "2.4.15"
  dependencies:
    "@volar/source-map" "2.4.15"

"@volar/source-map@2.4.15":
  "integrity" "sha512-CPbMWlUN6hVZJYGcU/GSoHu4EnCHiLaXI9n8c9la6RaI9W5JHX+NqG+GSQcB0JdC2FIBLdZJwGsfKyBB71VlTg=="
  "resolved" "https://registry.npmmirror.com/@volar/source-map/-/source-map-2.4.15.tgz"
  "version" "2.4.15"

"@volar/typescript@2.4.15":
  "integrity" "sha512-2aZ8i0cqPGjXb4BhkMsPYDkkuc2ZQ6yOpqwAuNwUoncELqoy5fRgOQtLR9gB0g902iS0NAkvpIzs27geVyVdPg=="
  "resolved" "https://registry.npmmirror.com/@volar/typescript/-/typescript-2.4.15.tgz"
  "version" "2.4.15"
  dependencies:
    "@volar/language-core" "2.4.15"
    "path-browserify" "^1.0.1"
    "vscode-uri" "^3.0.8"

"@vue/compiler-core@3.5.32":
  "integrity" "sha512-4x74Tbtqnda8s/NSD6e1Dr5p1c8HdMU5RWSjMSUzb8RTcUQqevDCxVAitcLBKT+ie3o0Dl9crc/S/opJM7qBGQ=="
  "resolved" "https://registry.npmmirror.com/@vue/compiler-core/-/compiler-core-3.5.32.tgz"
  "version" "3.5.32"
  dependencies:
    "@babel/parser" "^7.29.2"
    "@vue/shared" "3.5.32"
    "entities" "^7.0.1"
    "estree-walker" "^2.0.2"
    "source-map-js" "^1.2.1"

"@vue/compiler-dom@^3.5.0", "@vue/compiler-dom@3.5.32":
  "integrity" "sha512-ybHAu70NtiEI1fvAUz3oXZqkUYEe5J98GjMDpTGl5iHb0T15wQYLR4wE3h9xfuTNA+Cm2f4czfe8B4s+CCH57Q=="
  "resolved" "https://registry.npmmirror.com/@vue/compiler-dom/-/compiler-dom-3.5.32.tgz"
  "version" "3.5.32"
  dependencies:
    "@vue/compiler-core" "3.5.32"
    "@vue/shared" "3.5.32"

"@vue/compiler-sfc@3.5.32":
  "integrity" "sha512-8UYUYo71cP/0YHMO814TRZlPuUUw3oifHuMR7Wp9SNoRSrxRQnhMLNlCeaODNn6kNTJsjFoQ/kqIj4qGvya4Xg=="
  "resolved" "https://registry.npmmirror.com/@vue/compiler-sfc/-/compiler-sfc-3.5.32.tgz"
  "version" "3.5.32"
  dependencies:
    "@babel/parser" "^7.29.2"
    "@vue/compiler-core" "3.5.32"
    "@vue/compiler-dom" "3.5.32"
    "@vue/compiler-ssr" "3.5.32"
    "@vue/shared" "3.5.32"
    "estree-walker" "^2.0.2"
    "magic-string" "^0.30.21"
    "postcss" "^8.5.8"
    "source-map-js" "^1.2.1"

"@vue/compiler-ssr@3.5.32":
  "integrity" "sha512-Gp4gTs22T3DgRotZ8aA/6m2jMR+GMztvBXUBEUOYOcST+giyGWJ4WvFd7QLHBkzTxkfOt8IELKNdpzITLbA2rw=="
  "resolved" "https://registry.npmmirror.com/@vue/compiler-ssr/-/compiler-ssr-3.5.32.tgz"
  "version" "3.5.32"
  dependencies:
    "@vue/compiler-dom" "3.5.32"
    "@vue/shared" "3.5.32"

"@vue/compiler-vue2@^2.7.16":
  "integrity" "sha512-qYC3Psj9S/mfu9uVi5WvNZIzq+xnXMhOwbTFKKDD7b1lhpnn71jXSFdTQ+WsIEk0ONCd7VV2IMm7ONl6tbQ86A=="
  "resolved" "https://registry.npmmirror.com/@vue/compiler-vue2/-/compiler-vue2-2.7.16.tgz"
  "version" "2.7.16"
  dependencies:
    "de-indent" "^1.0.2"
    "he" "^1.2.0"

"@vue/devtools-api@^6.6.3", "@vue/devtools-api@^6.6.4":
  "integrity" "sha512-sGhTPMuXqZ1rVOk32RylztWkfXTRhuS7vgAKv0zjqk8gbsHkJ7xfFf+jbySxt7tWObEJwyKaHMikV/WGDiQm8g=="
  "resolved" "https://registry.npmmirror.com/@vue/devtools-api/-/devtools-api-6.6.4.tgz"
  "version" "6.6.4"

"@vue/language-core@2.2.12":
  "integrity" "sha512-IsGljWbKGU1MZpBPN+BvPAdr55YPkj2nB/TBNGNC32Vy2qLG25DYu/NBN2vNtZqdRbTRjaoYrahLrToim2NanA=="
  "resolved" "https://registry.npmmirror.com/@vue/language-core/-/language-core-2.2.12.tgz"
  "version" "2.2.12"
  dependencies:
    "@volar/language-core" "2.4.15"
    "@vue/compiler-dom" "^3.5.0"
    "@vue/compiler-vue2" "^2.7.16"
    "@vue/shared" "^3.5.0"
    "alien-signals" "^1.0.3"
    "minimatch" "^9.0.3"
    "muggle-string" "^0.4.1"
    "path-browserify" "^1.0.1"

"@vue/reactivity@3.5.32":
  "integrity" "sha512-/ORasxSGvZ6MN5gc+uE364SxFdJ0+WqVG0CENXaGW58TOCdrAW76WWaplDtECeS1qphvtBZtR+3/o1g1zL4xPQ=="
  "resolved" "https://registry.npmmirror.com/@vue/reactivity/-/reactivity-3.5.32.tgz"
  "version" "3.5.32"
  dependencies:
    "@vue/shared" "3.5.32"

"@vue/runtime-core@3.5.32":
  "integrity" "sha512-pDrXCejn4UpFDFmMd27AcJEbHaLemaE5o4pbb7sLk79SRIhc6/t34BQA7SGNgYtbMnvbF/HHOftYBgFJtUoJUQ=="
  "resolved" "https://registry.npmmirror.com/@vue/runtime-core/-/runtime-core-3.5.32.tgz"
  "version" "3.5.32"
  dependencies:
    "@vue/reactivity" "3.5.32"
    "@vue/shared" "3.5.32"

"@vue/runtime-dom@3.5.32":
  "integrity" "sha512-1CDVv7tv/IV13V8Nip1k/aaObVbWqRlVCVezTwx3K07p7Vxossp5JU1dcPNhJk3w347gonIUT9jQOGutyJrSVQ=="
  "resolved" "https://registry.npmmirror.com/@vue/runtime-dom/-/runtime-dom-3.5.32.tgz"
  "version" "3.5.32"
  dependencies:
    "@vue/reactivity" "3.5.32"
    "@vue/runtime-core" "3.5.32"
    "@vue/shared" "3.5.32"
    "csstype" "^3.2.3"

"@vue/server-renderer@3.5.32":
  "integrity" "sha512-IOjm2+JQwRFS7W28HNuJeXQle9KdZbODFY7hFGVtnnghF51ta20EWAZJHX+zLGtsHhaU6uC9BGPV52KVpYryMQ=="
  "resolved" "https://registry.npmmirror.com/@vue/server-renderer/-/server-renderer-3.5.32.tgz"
  "version" "3.5.32"
  dependencies:
    "@vue/compiler-ssr" "3.5.32"
    "@vue/shared" "3.5.32"

"@vue/shared@^3.5.0", "@vue/shared@3.5.32":
  "integrity" "sha512-ksNyrmRQzWJJ8n3cRDuSF7zNNontuJg1YHnmWRJd2AMu8Ij2bqwiiri2lH5rHtYPZjj4STkNcgcmiQqlOjiYGg=="
  "resolved" "https://registry.npmmirror.com/@vue/shared/-/shared-3.5.32.tgz"
  "version" "3.5.32"

"@vueuse/core@12.0.0":
  "integrity" "sha512-C12RukhXiJCbx4MGhjmd/gH52TjJsc3G0E0kQj/kb19H3Nt6n1CA4DRWuTdWWcaFRdlTe0npWDS942mvacvNBw=="
  "resolved" "https://registry.npmmirror.com/@vueuse/core/-/core-12.0.0.tgz"
  "version" "12.0.0"
  dependencies:
    "@types/web-bluetooth" "^0.0.20"
    "@vueuse/metadata" "12.0.0"
    "@vueuse/shared" "12.0.0"
    "vue" "^3.5.13"

"@vueuse/metadata@12.0.0":
  "integrity" "sha512-Yzimd1D3sjxTDOlF05HekU5aSGdKjxhuhRFHA7gDWLn57PRbBIh+SF5NmjhJ0WRgF3my7T8LBucyxdFJjIfRJQ=="
  "resolved" "https://registry.npmmirror.com/@vueuse/metadata/-/metadata-12.0.0.tgz"
  "version" "12.0.0"

"@vueuse/shared@12.0.0":
  "integrity" "sha512-3i6qtcq2PIio5i/vVYidkkcgvmTjCqrf26u+Fd4LhnbBmIT6FN8y6q/GJERp8lfcB9zVEfjdV0Br0443qZuJpw=="
  "resolved" "https://registry.npmmirror.com/@vueuse/shared/-/shared-12.0.0.tgz"
  "version" "12.0.0"
  dependencies:
    "vue" "^3.5.13"

"@xterm/addon-fit@^0.11.0":
  "integrity" "sha512-jYcgT6xtVYhnhgxh3QgYDnnNMYTcf8ElbxxFzX0IZo+vabQqSPAjC3c1wJrKB5E19VwQei89QCiZZP86DCPF7g=="
  "resolved" "https://registry.npmmirror.com/@xterm/addon-fit/-/addon-fit-0.11.0.tgz"
  "version" "0.11.0"

"alien-signals@^1.0.3":
  "integrity" "sha512-OGj9yyTnJEttvzhTUWuscOvtqxq5vrhF7vL9oS0xJ2mK0ItPYP1/y+vCFebfxoEyAz0++1AIwJ5CMr+Fk3nDmg=="
  "resolved" "https://registry.npmmirror.com/alien-signals/-/alien-signals-1.0.13.tgz"
  "version" "1.0.13"

"argparse@^2.0.1":
  "integrity" "sha512-8+9WqebbFzpX9OR+Wa6O29asIogeRMzcGtAINdpMHHyAg10f05aSFVBbcEqGf/PXw1EjAZ+q2/bEBg3DvurK3Q=="
  "resolved" "https://registry.npmmirror.com/argparse/-/argparse-2.0.1.tgz"
  "version" "2.0.1"

"async-validator@^4.2.5":
  "integrity" "sha512-7HhHjtERjqlNbZtqNqy2rckN/SpOOlmDliet+lP7k+eKZEjPk3DgyeU9lIXLdeLz0uBbbVp+9Qdow9wJWgwwfg=="
  "resolved" "https://registry.npmmirror.com/async-validator/-/async-validator-4.2.5.tgz"
  "version" "4.2.5"

"asynckit@^0.4.0":
  "integrity" "sha512-Oei9OH4tRh0YqU3GxhX79dM/mwVgvbZJaSNaRk+bshkj0S5cfHcgYakreBjrHwatXKbz+IoIdYLxrKim2MjW0Q=="
  "resolved" "https://registry.npmmirror.com/asynckit/-/asynckit-0.4.0.tgz"
  "version" "0.4.0"

"axios@^1.8.4":
  "integrity" "sha512-wWyJDlAatxk30ZJer+GeCWS209sA42X+N5jU2jy6oHTp7ufw8uzUTVFBX9+wTfAlhiJXGS0Bq7X6efruWjuK9Q=="
  "resolved" "https://registry.npmmirror.com/axios/-/axios-1.15.0.tgz"
  "version" "1.15.0"
  dependencies:
    "follow-redirects" "^1.15.11"
    "form-data" "^4.0.5"
    "proxy-from-env" "^2.1.0"

"balanced-match@^1.0.0":
  "integrity" "sha512-3oSeUO0TMV67hN1AmbXsK4yaqU7tjiHlbxRDZOpH0KW9+CeX4bRAaX0Anxt0tx2MrpRpWwQaPwIlISEJhYU5Pw=="
  "resolved" "https://registry.npmmirror.com/balanced-match/-/balanced-match-1.0.2.tgz"
  "version" "1.0.2"

"brace-expansion@^2.0.2":
  "integrity" "sha512-TN1kCZAgdgweJhWWpgKYrQaMNHcDULHkWwQIspdtjV4Y5aurRdZpjAqn6yX3FPqTA9ngHCc4hJxMAMgGfve85w=="
  "resolved" "https://registry.npmmirror.com/brace-expansion/-/brace-expansion-2.1.0.tgz"
  "version" "2.1.0"
  dependencies:
    "balanced-match" "^1.0.0"

"call-bind-apply-helpers@^1.0.1", "call-bind-apply-helpers@^1.0.2":
  "integrity" "sha512-Sp1ablJ0ivDkSzjcaJdxEunN5/XvksFJ2sMBFfq6x0ryhQV/2b/KwFe21cMpmHtPOSij8K99/wSfoEuTObmuMQ=="
  "resolved" "https://registry.npmmirror.com/call-bind-apply-helpers/-/call-bind-apply-helpers-1.0.2.tgz"
  "version" "1.0.2"
  dependencies:
    "es-errors" "^1.3.0"
    "function-bind" "^1.1.2"

"chokidar@^4.0.0":
  "integrity" "sha512-Qgzu8kfBvo+cA4962jnP1KkS6Dop5NS6g7R5LFYJr4b8Ub94PPQXUksCw9PvXoeXPRRddRNC5C1JQUR2SMGtnA=="
  "resolved" "https://registry.npmmirror.com/chokidar/-/chokidar-4.0.3.tgz"
  "version" "4.0.3"
  dependencies:
    "readdirp" "^4.0.1"

"codemirror@^6.0.2":
  "integrity" "sha512-VhydHotNW5w1UGK0Qj96BwSk/Zqbp9WbnyK2W/eVMv4QyF41INRGpjUhFJY7/uDNuudSc33a/PKr4iDqRduvHw=="
  "resolved" "https://registry.npmmirror.com/codemirror/-/codemirror-6.0.2.tgz"
  "version" "6.0.2"
  dependencies:
    "@codemirror/autocomplete" "^6.0.0"
    "@codemirror/commands" "^6.0.0"
    "@codemirror/language" "^6.0.0"
    "@codemirror/lint" "^6.0.0"
    "@codemirror/search" "^6.0.0"
    "@codemirror/state" "^6.0.0"
    "@codemirror/view" "^6.0.0"

"combined-stream@^1.0.8":
  "integrity" "sha512-FQN4MRfuJeHf7cBbBMJFXhKSDq+2kAArBlmRBvcvFE5BB1HZKXtSFASDhdlz9zOYwxh8lDdnvmMOe/+5cdoEdg=="
  "resolved" "https://registry.npmmirror.com/combined-stream/-/combined-stream-1.0.8.tgz"
  "version" "1.0.8"
  dependencies:
    "delayed-stream" "~1.0.0"

"crelt@^1.0.5", "crelt@^1.0.6":
  "integrity" "sha512-VQ2MBenTq1fWZUH9DJNGti7kKv6EeAuYr3cLwxUWhIu1baTaXh4Ib5W2CqHVqib4/MqbYGJqiL3Zb8GJZr3l4g=="
  "resolved" "https://registry.npmmirror.com/crelt/-/crelt-1.0.6.tgz"
  "version" "1.0.6"

"csstype@^3.2.3":
  "integrity" "sha512-z1HGKcYy2xA8AGQfwrn0PAy+PB7X/GSj3UVJW9qKyn43xWa+gl5nXmU4qqLMRzWVLFC8KusUX8T/0kCiOYpAIQ=="
  "resolved" "https://registry.npmmirror.com/csstype/-/csstype-3.2.3.tgz"
  "version" "3.2.3"

"dayjs@^1.11.19":
  "integrity" "sha512-YbwwqR/uYpeoP4pu043q+LTDLFBLApUP6VxRihdfNTqu4ubqMlGDLd6ErXhEgsyvY0K6nCs7nggYumAN+9uEuQ=="
  "resolved" "https://registry.npmmirror.com/dayjs/-/dayjs-1.11.20.tgz"
  "version" "1.11.20"

"de-indent@^1.0.2":
  "integrity" "sha512-e/1zu3xH5MQryN2zdVaF0OrdNLUbvWxzMbi+iNA6Bky7l1RoP8a2fIbRocyHclXt/arDrrR6lL3TqFD9pMQTsg=="
  "resolved" "https://registry.npmmirror.com/de-indent/-/de-indent-1.0.2.tgz"
  "version" "1.0.2"

"delayed-stream@~1.0.0":
  "integrity" "sha512-ZySD7Nf91aLB0RxL4KGrKHBXl7Eds1DAmEdcoVawXnLD7SDhpNgtuII2aAkg7a7QS41jxPSZ17p4VdGnMHk3MQ=="
  "resolved" "https://registry.npmmirror.com/delayed-stream/-/delayed-stream-1.0.0.tgz"
  "version" "1.0.0"

"detect-libc@^2.0.3":
  "integrity" "sha512-Btj2BOOO83o3WyH59e8MgXsxEQVcarkUOpEYrubB0urwnN10yQ364rsiByU11nZlqWYZm05i/of7io4mzihBtQ=="
  "resolved" "https://registry.npmmirror.com/detect-libc/-/detect-libc-2.1.2.tgz"
  "version" "2.1.2"

"dompurify@^3.4.0":
  "integrity" "sha512-nolgK9JcaUXMSmW+j1yaSvaEaoXYHwWyGJlkoCTghc97KgGDDSnpoU/PlEnw63Ah+TGKFOyY+X5LnxaWbCSfXg=="
  "resolved" "https://registry.npmmirror.com/dompurify/-/dompurify-3.4.0.tgz"
  "version" "3.4.0"
  optionalDependencies:
    "@types/trusted-types" "^2.0.7"

"dunder-proto@^1.0.1":
  "integrity" "sha512-KIN/nDJBQRcXw0MLVhZE9iQHmG68qAVIBg9CqmUYjmQIhgij9U5MFvrqkUL5FbtyyzZuOeOt0zdeRe4UY7ct+A=="
  "resolved" "https://registry.npmmirror.com/dunder-proto/-/dunder-proto-1.0.1.tgz"
  "version" "1.0.1"
  dependencies:
    "call-bind-apply-helpers" "^1.0.1"
    "es-errors" "^1.3.0"
    "gopd" "^1.2.0"

"element-plus@^2.9.8":
  "integrity" "sha512-XdHATFZOyzVFL1DaHQ90IOJQSg9UnSAV+bhDW+YB5UoZ0Hxs50mwqjqfwXkuwpSag+VXXizVcErBR6Movo5daw=="
  "resolved" "https://registry.npmmirror.com/element-plus/-/element-plus-2.13.7.tgz"
  "version" "2.13.7"
  dependencies:
    "@ctrl/tinycolor" "^4.2.0"
    "@element-plus/icons-vue" "^2.3.2"
    "@floating-ui/dom" "^1.0.1"
    "@popperjs/core" "npm:@sxzz/popperjs-es@^2.11.7"
    "@types/lodash" "^4.17.20"
    "@types/lodash-es" "^4.17.12"
    "@vueuse/core" "12.0.0"
    "async-validator" "^4.2.5"
    "dayjs" "^1.11.19"
    "lodash" "^4.17.23"
    "lodash-es" "^4.17.23"
    "lodash-unified" "^1.0.3"
    "memoize-one" "^6.0.0"
    "normalize-wheel-es" "^1.2.0"
    "vue-component-type-helpers" "^3.2.4"

"entities@^4.4.0":
  "integrity" "sha512-V0hjH4dGPh9Ao5p0MoRY6BVqtwCjhz6vI5LT8AJ55H+4g9/4vbHx1I54fS0XuclLhDHArPQCiMjDxjaL8fPxhw=="
  "resolved" "https://registry.npmmirror.com/entities/-/entities-4.5.0.tgz"
  "version" "4.5.0"

"entities@^7.0.1":
  "integrity" "sha512-TWrgLOFUQTH994YUyl1yT4uyavY5nNB5muff+RtWaqNVCAK408b5ZnnbNAUEWLTCpum9w6arT70i1XdQ4UeOPA=="
  "resolved" "https://registry.npmmirror.com/entities/-/entities-7.0.1.tgz"
  "version" "7.0.1"

"es-define-property@^1.0.1":
  "integrity" "sha512-e3nRfgfUZ4rNGL232gUgX06QNyyez04KdjFrF+LTRoOXmrOgFKDg4BCdsjW8EnT69eqdYGmRpJwiPVYNrCaW3g=="
  "resolved" "https://registry.npmmirror.com/es-define-property/-/es-define-property-1.0.1.tgz"
  "version" "1.0.1"

"es-errors@^1.3.0":
  "integrity" "sha512-Zf5H2Kxt2xjTvbJvP2ZWLEICxA6j+hAmMzIlypy4xcBg1vKVnx89Wy0GbS+kf5cwCVFFzdCFh2XSCFNULS6csw=="
  "resolved" "https://registry.npmmirror.com/es-errors/-/es-errors-1.3.0.tgz"
  "version" "1.3.0"

"es-object-atoms@^1.0.0", "es-object-atoms@^1.1.1":
  "integrity" "sha512-FGgH2h8zKNim9ljj7dankFPcICIK9Cp5bm+c2gQSYePhpaG5+esrLODihIorn+Pe6FGJzWhXQotPv73jTaldXA=="
  "resolved" "https://registry.npmmirror.com/es-object-atoms/-/es-object-atoms-1.1.1.tgz"
  "version" "1.1.1"
  dependencies:
    "es-errors" "^1.3.0"

"es-set-tostringtag@^2.1.0":
  "integrity" "sha512-j6vWzfrGVfyXxge+O0x5sh6cvxAog0a/4Rdd2K36zCMV5eJ+/+tOAngRO8cODMNWbVRdVlmGZQL2YS3yR8bIUA=="
  "resolved" "https://registry.npmmirror.com/es-set-tostringtag/-/es-set-tostringtag-2.1.0.tgz"
  "version" "2.1.0"
  dependencies:
    "es-errors" "^1.3.0"
    "get-intrinsic" "^1.2.6"
    "has-tostringtag" "^1.0.2"
    "hasown" "^2.0.2"

"esbuild@^0.21.3":
  "integrity" "sha512-mg3OPMV4hXywwpoDxu3Qda5xCKQi+vCTZq8S9J/EpkhB2HzKXq4SNFZE3+NK93JYxc8VMSep+lOUSC/RVKaBqw=="
  "resolved" "https://registry.npmmirror.com/esbuild/-/esbuild-0.21.5.tgz"
  "version" "0.21.5"
  optionalDependencies:
    "@esbuild/aix-ppc64" "0.21.5"
    "@esbuild/android-arm" "0.21.5"
    "@esbuild/android-arm64" "0.21.5"
    "@esbuild/android-x64" "0.21.5"
    "@esbuild/darwin-arm64" "0.21.5"
    "@esbuild/darwin-x64" "0.21.5"
    "@esbuild/freebsd-arm64" "0.21.5"
    "@esbuild/freebsd-x64" "0.21.5"
    "@esbuild/linux-arm" "0.21.5"
    "@esbuild/linux-arm64" "0.21.5"
    "@esbuild/linux-ia32" "0.21.5"
    "@esbuild/linux-loong64" "0.21.5"
    "@esbuild/linux-mips64el" "0.21.5"
    "@esbuild/linux-ppc64" "0.21.5"
    "@esbuild/linux-riscv64" "0.21.5"
    "@esbuild/linux-s390x" "0.21.5"
    "@esbuild/linux-x64" "0.21.5"
    "@esbuild/netbsd-x64" "0.21.5"
    "@esbuild/openbsd-x64" "0.21.5"
    "@esbuild/sunos-x64" "0.21.5"
    "@esbuild/win32-arm64" "0.21.5"
    "@esbuild/win32-ia32" "0.21.5"
    "@esbuild/win32-x64" "0.21.5"

"estree-walker@^2.0.2":
  "integrity" "sha512-Rfkk/Mp/DL7JVje3u18FxFujQlTNR2q6QfMSMB7AvCBx91NGj/ba3kCfza0f6dVDbw7YlRf/nDrn7pQrCCyQ/w=="
  "resolved" "https://registry.npmmirror.com/estree-walker/-/estree-walker-2.0.2.tgz"
  "version" "2.0.2"

"follow-redirects@^1.15.11":
  "integrity" "sha512-y5rN/uOsadFT/JfYwhxRS5R7Qce+g3zG97+JrtFZlC9klX/W5hD7iiLzScI4nZqUS7DNUdhPgw4xI8W2LuXlUw=="
  "resolved" "https://registry.npmmirror.com/follow-redirects/-/follow-redirects-1.16.0.tgz"
  "version" "1.16.0"

"form-data@^4.0.5":
  "integrity" "sha512-8RipRLol37bNs2bhoV67fiTEvdTrbMUYcFTiy3+wuuOnUog2QBHCZWXDRijWQfAkhBj2Uf5UnVaiWwA5vdd82w=="
  "resolved" "https://registry.npmmirror.com/form-data/-/form-data-4.0.5.tgz"
  "version" "4.0.5"
  dependencies:
    "asynckit" "^0.4.0"
    "combined-stream" "^1.0.8"
    "es-set-tostringtag" "^2.1.0"
    "hasown" "^2.0.2"
    "mime-types" "^2.1.12"

"function-bind@^1.1.2":
  "integrity" "sha512-7XHNxH7qX9xG5mIwxkhumTox/MIRNcOgDrxWsMt2pAr23WHp6MrRlN7FBSFpCpr+oVO0F744iUgR82nJMfG2SA=="
  "resolved" "https://registry.npmmirror.com/function-bind/-/function-bind-1.1.2.tgz"
  "version" "1.1.2"

"get-intrinsic@^1.2.6":
  "integrity" "sha512-9fSjSaos/fRIVIp+xSJlE6lfwhES7LNtKaCBIamHsjr2na1BiABJPo0mOjjz8GJDURarmCPGqaiVg5mfjb98CQ=="
  "resolved" "https://registry.npmmirror.com/get-intrinsic/-/get-intrinsic-1.3.0.tgz"
  "version" "1.3.0"
  dependencies:
    "call-bind-apply-helpers" "^1.0.2"
    "es-define-property" "^1.0.1"
    "es-errors" "^1.3.0"
    "es-object-atoms" "^1.1.1"
    "function-bind" "^1.1.2"
    "get-proto" "^1.0.1"
    "gopd" "^1.2.0"
    "has-symbols" "^1.1.0"
    "hasown" "^2.0.2"
    "math-intrinsics" "^1.1.0"

"get-proto@^1.0.1":
  "integrity" "sha512-sTSfBjoXBp89JvIKIefqw7U2CCebsc74kiY6awiGogKtoSGbgjYE/G/+l9sF3MWFPNc9IcoOC4ODfKHfxFmp0g=="
  "resolved" "https://registry.npmmirror.com/get-proto/-/get-proto-1.0.1.tgz"
  "version" "1.0.1"
  dependencies:
    "dunder-proto" "^1.0.1"
    "es-object-atoms" "^1.0.0"

"gopd@^1.2.0":
  "integrity" "sha512-ZUKRh6/kUFoAiTAtTYPZJ3hw9wNxx+BIBOijnlG9PnrJsCcSjs1wyyD6vJpaYtgnzDrKYRSqf3OO6Rfa93xsRg=="
  "resolved" "https://registry.npmmirror.com/gopd/-/gopd-1.2.0.tgz"
  "version" "1.2.0"

"has-symbols@^1.0.3", "has-symbols@^1.1.0":
  "integrity" "sha512-1cDNdwJ2Jaohmb3sg4OmKaMBwuC48sYni5HUw2DvsC8LjGTLK9h+eb1X6RyuOHe4hT0ULCW68iomhjUoKUqlPQ=="
  "resolved" "https://registry.npmmirror.com/has-symbols/-/has-symbols-1.1.0.tgz"
  "version" "1.1.0"

"has-tostringtag@^1.0.2":
  "integrity" "sha512-NqADB8VjPFLM2V0VvHUewwwsw0ZWBaIdgo+ieHtK3hasLz4qeCRjYcqfB6AQrBggRKppKF8L52/VqdVsO47Dlw=="
  "resolved" "https://registry.npmmirror.com/has-tostringtag/-/has-tostringtag-1.0.2.tgz"
  "version" "1.0.2"
  dependencies:
    "has-symbols" "^1.0.3"

"hasown@^2.0.2":
  "integrity" "sha512-0hJU9SCPvmMzIBdZFqNPXWa6dqh7WdH0cII9y+CyS8rG3nL48Bclra9HmKhVVUHyPWNH5Y7xDwAB7bfgSjkUMQ=="
  "resolved" "https://registry.npmmirror.com/hasown/-/hasown-2.0.2.tgz"
  "version" "2.0.2"
  dependencies:
    "function-bind" "^1.1.2"

"he@^1.2.0":
  "integrity" "sha512-F/1DnUGPopORZi0ni+CvrCgHQ5FyEAHRLSApuYWMmrbSwoN2Mn/7k+Gl38gJnR7yyDZk6WLXwiGod1JOWNDKGw=="
  "resolved" "https://registry.npmmirror.com/he/-/he-1.2.0.tgz"
  "version" "1.2.0"

"immutable@^5.1.5":
  "integrity" "sha512-t7xcm2siw+hlUM68I+UEOK+z84RzmN59as9DZ7P1l0994DKUWV7UXBMQZVxaoMSRQ+PBZbHCOoBt7a2wxOMt+A=="
  "resolved" "https://registry.npmmirror.com/immutable/-/immutable-5.1.5.tgz"
  "version" "5.1.5"

"is-extglob@^2.1.1":
  "integrity" "sha512-SbKbANkN603Vi4jEZv49LeVJMn4yGwsbzZworEoyEiutsN3nJYdbO36zfhGJ6QEDpOZIFkDtnq5JRxmvl3jsoQ=="
  "resolved" "https://registry.npmmirror.com/is-extglob/-/is-extglob-2.1.1.tgz"
  "version" "2.1.1"

"is-glob@^4.0.3":
  "integrity" "sha512-xelSayHH36ZgE7ZWhli7pW34hNbNl8Ojv5KVmkJD4hBdD3th8Tfk9vYasLM+mXWOZhFkgZfxhLSnrwRr4elSSg=="
  "resolved" "https://registry.npmmirror.com/is-glob/-/is-glob-4.0.3.tgz"
  "version" "4.0.3"
  dependencies:
    "is-extglob" "^2.1.1"

"linkify-it@^5.0.0":
  "integrity" "sha512-5aHCbzQRADcdP+ATqnDuhhJ/MRIqDkZX5pyjFHRRysS8vZ5AbqGEoFIb6pYHPZ+L/OC2Lc+xT8uHVVR5CAK/wQ=="
  "resolved" "https://registry.npmmirror.com/linkify-it/-/linkify-it-5.0.0.tgz"
  "version" "5.0.0"
  dependencies:
    "uc.micro" "^2.0.0"

"lodash-es@*", "lodash-es@^4.17.23":
  "integrity" "sha512-J8xewKD/Gk22OZbhpOVSwcs60zhd95ESDwezOFuA3/099925PdHJ7OFHNTGtajL3AlZkykD32HykiMo+BIBI8A=="
  "resolved" "https://registry.npmmirror.com/lodash-es/-/lodash-es-4.18.1.tgz"
  "version" "4.18.1"

"lodash-unified@^1.0.3":
  "integrity" "sha512-WK9qSozxXOD7ZJQlpSqOT+om2ZfcT4yO+03FuzAHD0wF6S0l0090LRPDx3vhTTLZ8cFKpBn+IOcVXK6qOcIlfQ=="
  "resolved" "https://registry.npmmirror.com/lodash-unified/-/lodash-unified-1.0.3.tgz"
  "version" "1.0.3"

"lodash@*", "lodash@^4.17.23":
  "integrity" "sha512-dMInicTPVE8d1e5otfwmmjlxkZoUpiVLwyeTdUsi/Caj/gfzzblBcCE5sRHV/AsjuCmxWrte2TNGSYuCeCq+0Q=="
  "resolved" "https://registry.npmmirror.com/lodash/-/lodash-4.18.1.tgz"
  "version" "4.18.1"

"magic-string@^0.30.21":
  "integrity" "sha512-vd2F4YUyEXKGcLHoq+TEyCjxueSeHnFxyyjNp80yg0XV4vUhnDer/lvvlqM/arB5bXQN5K2/3oinyCRyx8T2CQ=="
  "resolved" "https://registry.npmmirror.com/magic-string/-/magic-string-0.30.21.tgz"
  "version" "0.30.21"
  dependencies:
    "@jridgewell/sourcemap-codec" "^1.5.5"

"markdown-it@^14.1.1":
  "integrity" "sha512-BuU2qnTti9YKgK5N+IeMubp14ZUKUUw7yeJbkjtosvHiP0AZ5c8IAgEMk79D0eC8F23r4Ac/q8cAIFdm2FtyoA=="
  "resolved" "https://registry.npmmirror.com/markdown-it/-/markdown-it-14.1.1.tgz"
  "version" "14.1.1"
  dependencies:
    "argparse" "^2.0.1"
    "entities" "^4.4.0"
    "linkify-it" "^5.0.0"
    "mdurl" "^2.0.0"
    "punycode.js" "^2.3.1"
    "uc.micro" "^2.1.0"

"marked@^18.0.0":
  "integrity" "sha512-2e7Qiv/HJSXj8rDEpgTvGKsP8yYtI9xXHKDnrftrmnrJPaFNM7VRb2YCzWaX4BP1iCJ/XPduzDJZMFoqTCcIMA=="
  "resolved" "https://registry.npmmirror.com/marked/-/marked-18.0.0.tgz"
  "version" "18.0.0"

"math-intrinsics@^1.1.0":
  "integrity" "sha512-/IXtbwEk5HTPyEwyKX6hGkYXxM9nbj64B+ilVJnC/R6B0pH5G4V3b0pVbL7DBj4tkhBAppbQUlf6F6Xl9LHu1g=="
  "resolved" "https://registry.npmmirror.com/math-intrinsics/-/math-intrinsics-1.1.0.tgz"
  "version" "1.1.0"

"mdurl@^2.0.0":
  "integrity" "sha512-Lf+9+2r+Tdp5wXDXC4PcIBjTDtq4UKjCPMQhKIuzpJNW0b96kVqSwW0bT7FhRSfmAiFYgP+SCRvdrDozfh0U5w=="
  "resolved" "https://registry.npmmirror.com/mdurl/-/mdurl-2.0.0.tgz"
  "version" "2.0.0"

"memoize-one@^6.0.0":
  "integrity" "sha512-rkpe71W0N0c0Xz6QD0eJETuWAJGnJ9afsl1srmwPrI+yBCkge5EycXXbYRyvL29zZVUWQCY7InPRCv3GDXuZNw=="
  "resolved" "https://registry.npmmirror.com/memoize-one/-/memoize-one-6.0.0.tgz"
  "version" "6.0.0"

"mime-db@1.52.0":
  "integrity" "sha512-sPU4uV7dYlvtWJxwwxHD0PuihVNiE7TyAbQ5SWxDCB9mUYvOgroQOwYQQOKPJ8CIbE+1ETVlOoK1UC2nU3gYvg=="
  "resolved" "https://registry.npmmirror.com/mime-db/-/mime-db-1.52.0.tgz"
  "version" "1.52.0"

"mime-types@^2.1.12":
  "integrity" "sha512-ZDY+bPm5zTTF+YpCrAU9nK0UgICYPT0QtT1NZWFv4s++TNkcgVaT0g6+4R2uI4MjQjzysHB1zxuWL50hzaeXiw=="
  "resolved" "https://registry.npmmirror.com/mime-types/-/mime-types-2.1.35.tgz"
  "version" "2.1.35"
  dependencies:
    "mime-db" "1.52.0"

"minimatch@^9.0.3":
  "integrity" "sha512-OBwBN9AL4dqmETlpS2zasx+vTeWclWzkblfZk7KTA5j3jeOONz/tRCnZomUyvNg83wL5Zv9Ss6HMJXAgL8R2Yg=="
  "resolved" "https://registry.npmmirror.com/minimatch/-/minimatch-9.0.9.tgz"
  "version" "9.0.9"
  dependencies:
    "brace-expansion" "^2.0.2"

"muggle-string@^0.4.1":
  "integrity" "sha512-VNTrAak/KhO2i8dqqnqnAHOa3cYBwXEZe9h+D5h/1ZqFSTEFHdM65lR7RoIqq3tBBYavsOXV84NoHXZ0AkPyqQ=="
  "resolved" "https://registry.npmmirror.com/muggle-string/-/muggle-string-0.4.1.tgz"
  "version" "0.4.1"

"nanoid@^3.3.11":
  "integrity" "sha512-N8SpfPUnUp1bK+PMYW8qSWdl9U+wwNWI4QKxOYDy9JAro3WMX7p2OeVRF9v+347pnakNevPmiHhNmZ2HbFA76w=="
  "resolved" "https://registry.npmmirror.com/nanoid/-/nanoid-3.3.11.tgz"
  "version" "3.3.11"

"node-addon-api@^7.0.0":
  "integrity" "sha512-5m3bsyrjFWE1xf7nz7YXdN4udnVtXK6/Yfgn5qnahL6bCkf2yKt4k3nuTKAtT4r3IG8JNR2ncsIMdZuAzJjHQQ=="
  "resolved" "https://registry.npmmirror.com/node-addon-api/-/node-addon-api-7.1.1.tgz"
  "version" "7.1.1"

"normalize-wheel-es@^1.2.0":
  "integrity" "sha512-Wj7+EJQ8mSuXr2iWfnujrimU35R2W4FAErEyTmJoJ7ucwTn2hOUSsRehMb5RSYkxXGTM7Y9QpvPmp++w5ftoJw=="
  "resolved" "https://registry.npmmirror.com/normalize-wheel-es/-/normalize-wheel-es-1.2.0.tgz"
  "version" "1.2.0"

"path-browserify@^1.0.1":
  "integrity" "sha512-b7uo2UCUOYZcnF/3ID0lulOJi/bafxa1xPe7ZPsammBSpjSWQkjNxlt635YGS2MiR9GjvuXCtz2emr3jbsz98g=="
  "resolved" "https://registry.npmmirror.com/path-browserify/-/path-browserify-1.0.1.tgz"
  "version" "1.0.1"

"picocolors@^1.1.1":
  "integrity" "sha512-xceH2snhtb5M9liqDsmEw56le376mTZkEX/jEb/RxNFyegNul7eNslCXP9FDj/Lcu0X8KEyMceP2ntpaHrDEVA=="
  "resolved" "https://registry.npmmirror.com/picocolors/-/picocolors-1.1.1.tgz"
  "version" "1.1.1"

"picomatch@^4.0.3":
  "integrity" "sha512-QP88BAKvMam/3NxH6vj2o21R6MjxZUAd6nlwAS/pnGvN9IVLocLHxGYIzFhg6fUQ+5th6P4dv4eW9jX3DSIj7A=="
  "resolved" "https://registry.npmmirror.com/picomatch/-/picomatch-4.0.4.tgz"
  "version" "4.0.4"

"pinia@^2.3.1":
  "integrity" "sha512-khUlZSwt9xXCaTbbxFYBKDc/bWAGWJjOgvxETwkTN7KRm66EeT1ZdZj6i2ceh9sP2Pzqsbc704r2yngBrxBVug=="
  "resolved" "https://registry.npmmirror.com/pinia/-/pinia-2.3.1.tgz"
  "version" "2.3.1"
  dependencies:
    "@vue/devtools-api" "^6.6.3"
    "vue-demi" "^0.14.10"

"postcss@^8.4.43", "postcss@^8.5.8":
  "integrity" "sha512-7a70Nsot+EMX9fFU3064K/kdHWZqGVY+BADLyXc8Dfv+mTLLVl6JzJpPaCZ2kQL9gIJvKXSLMHhqdRRjwQeFtw=="
  "resolved" "https://registry.npmmirror.com/postcss/-/postcss-8.5.9.tgz"
  "version" "8.5.9"
  dependencies:
    "nanoid" "^3.3.11"
    "picocolors" "^1.1.1"
    "source-map-js" "^1.2.1"

"proxy-from-env@^2.1.0":
  "integrity" "sha512-cJ+oHTW1VAEa8cJslgmUZrc+sjRKgAKl3Zyse6+PV38hZe/V6Z14TbCuXcan9F9ghlz4QrFr2c92TNF82UkYHA=="
  "resolved" "https://registry.npmmirror.com/proxy-from-env/-/proxy-from-env-2.1.0.tgz"
  "version" "2.1.0"

"punycode.js@^2.3.1":
  "integrity" "sha512-uxFIHU0YlHYhDQtV4R9J6a52SLx28BCjT+4ieh7IGbgwVJWO+km431c4yRlREUAsAmt/uMjQUyQHNEPf0M39CA=="
  "resolved" "https://registry.npmmirror.com/punycode.js/-/punycode.js-2.3.1.tgz"
  "version" "2.3.1"

"readdirp@^4.0.1":
  "integrity" "sha512-GDhwkLfywWL2s6vEjyhri+eXmfH6j1L7JE27WhqLeYzoh/A3DBaYGEj2H/HFZCn/kMfim73FXxEJTw06WtxQwg=="
  "resolved" "https://registry.npmmirror.com/readdirp/-/readdirp-4.1.2.tgz"
  "version" "4.1.2"

"rollup@^4.20.0":
  "integrity" "sha512-VmtB2rFU/GroZ4oL8+ZqXgSA38O6GR8KSIvWmEFv63pQ0G6KaBH9s07PO8XTXP4vI+3UJUEypOfjkGfmSBBR0w=="
  "resolved" "https://registry.npmmirror.com/rollup/-/rollup-4.60.1.tgz"
  "version" "4.60.1"
  dependencies:
    "@types/estree" "1.0.8"
  optionalDependencies:
    "@rollup/rollup-android-arm-eabi" "4.60.1"
    "@rollup/rollup-android-arm64" "4.60.1"
    "@rollup/rollup-darwin-arm64" "4.60.1"
    "@rollup/rollup-darwin-x64" "4.60.1"
    "@rollup/rollup-freebsd-arm64" "4.60.1"
    "@rollup/rollup-freebsd-x64" "4.60.1"
    "@rollup/rollup-linux-arm-gnueabihf" "4.60.1"
    "@rollup/rollup-linux-arm-musleabihf" "4.60.1"
    "@rollup/rollup-linux-arm64-gnu" "4.60.1"
    "@rollup/rollup-linux-arm64-musl" "4.60.1"
    "@rollup/rollup-linux-loong64-gnu" "4.60.1"
    "@rollup/rollup-linux-loong64-musl" "4.60.1"
    "@rollup/rollup-linux-ppc64-gnu" "4.60.1"
    "@rollup/rollup-linux-ppc64-musl" "4.60.1"
    "@rollup/rollup-linux-riscv64-gnu" "4.60.1"
    "@rollup/rollup-linux-riscv64-musl" "4.60.1"
    "@rollup/rollup-linux-s390x-gnu" "4.60.1"
    "@rollup/rollup-linux-x64-gnu" "4.60.1"
    "@rollup/rollup-linux-x64-musl" "4.60.1"
    "@rollup/rollup-openbsd-x64" "4.60.1"
    "@rollup/rollup-openharmony-arm64" "4.60.1"
    "@rollup/rollup-win32-arm64-msvc" "4.60.1"
    "@rollup/rollup-win32-ia32-msvc" "4.60.1"
    "@rollup/rollup-win32-x64-gnu" "4.60.1"
    "@rollup/rollup-win32-x64-msvc" "4.60.1"
    "fsevents" "~2.3.2"

"sass@*", "sass@^1.99.0":
  "integrity" "sha512-kgW13M54DUB7IsIRM5LvJkNlpH+WhMpooUcaWGFARkF1Tc82v9mIWkCbCYf+MBvpIUBSeSOTilpZjEPr2VYE6Q=="
  "resolved" "https://registry.npmmirror.com/sass/-/sass-1.99.0.tgz"
  "version" "1.99.0"
  dependencies:
    "chokidar" "^4.0.0"
    "immutable" "^5.1.5"
    "source-map-js" ">=0.6.2 <2.0.0"
  optionalDependencies:
    "@parcel/watcher" "^2.4.1"

"source-map-js@^1.2.1", "source-map-js@>=0.6.2 <2.0.0":
  "integrity" "sha512-UXWMKhLOwVKb728IUtQPXxfYU+usdybtUrK/8uGE8CQMvrhOpwvzDBwj0QhSL7MQc7vIsISBG8VQ8+IDQxpfQA=="
  "resolved" "https://registry.npmmirror.com/source-map-js/-/source-map-js-1.2.1.tgz"
  "version" "1.2.1"

"style-mod@^4.0.0", "style-mod@^4.1.0":
  "integrity" "sha512-i/n8VsZydrugj3Iuzll8+x/00GH2vnYsk1eomD8QiRrSAeW6ItbCQDtfXCeJHd0iwiNagqjQkvpvREEPtW3IoQ=="
  "resolved" "https://registry.npmmirror.com/style-mod/-/style-mod-4.1.3.tgz"
  "version" "4.1.3"

"typescript@*", "typescript@^5.8.2", "typescript@>=4.4.4", "typescript@>=5.0.0":
  "integrity" "sha512-jl1vZzPDinLr9eUt3J/t7V6FgNEw9QjvBPdysz9KfQDD41fQrC2Y4vKQdiaUpFT4bXlb1RHhLpp8wtm6M5TgSw=="
  "resolved" "https://registry.npmmirror.com/typescript/-/typescript-5.9.3.tgz"
  "version" "5.9.3"

"uc.micro@^2.0.0", "uc.micro@^2.1.0":
  "integrity" "sha512-ARDJmphmdvUk6Glw7y9DQ2bFkKBHwQHLi2lsaH6PPmz/Ka9sFOBsBluozhDltWmnv9u/cF6Rt87znRTPV+yp/A=="
  "resolved" "https://registry.npmmirror.com/uc.micro/-/uc.micro-2.1.0.tgz"
  "version" "2.1.0"

"undici-types@~6.21.0":
  "integrity" "sha512-iwDZqg0QAGrg9Rav5H4n0M64c3mkR59cJ6wQp+7C4nI0gsmExaedaYLNO44eT4AtBBwjbTiGPMlt2Md0T9H9JQ=="
  "resolved" "https://registry.npmmirror.com/undici-types/-/undici-types-6.21.0.tgz"
  "version" "6.21.0"

"vite@^5.0.0 || ^6.0.0", "vite@^5.4.14":
  "integrity" "sha512-o5a9xKjbtuhY6Bi5S3+HvbRERmouabWbyUcpXXUA1u+GNUKoROi9byOJ8M0nHbHYHkYICiMlqxkg1KkYmm25Sw=="
  "resolved" "https://registry.npmmirror.com/vite/-/vite-5.4.21.tgz"
  "version" "5.4.21"
  dependencies:
    "esbuild" "^0.21.3"
    "postcss" "^8.4.43"
    "rollup" "^4.20.0"
  optionalDependencies:
    "fsevents" "~2.3.3"

"vscode-uri@^3.0.8":
  "integrity" "sha512-/BpdSx+yCQGnCvecbyXdxHDkuk55/G3xwnC0GqY4gmQ3j+A+g8kzzgB4Nk/SINjqn6+waqw3EgbVF2QKExkRxQ=="
  "resolved" "https://registry.npmmirror.com/vscode-uri/-/vscode-uri-3.1.0.tgz"
  "version" "3.1.0"

"vue-component-type-helpers@^3.2.4":
  "integrity" "sha512-O02tnvIfOQVmnvoWwuSydwRoHjZVt8UEBR+2p4rT35p8GAy5VTlWP8o5qXfJR/GWCN0nVZoYWsVUvx2jwgdBmQ=="
  "resolved" "https://registry.npmmirror.com/vue-component-type-helpers/-/vue-component-type-helpers-3.2.6.tgz"
  "version" "3.2.6"

"vue-demi@^0.14.10":
  "integrity" "sha512-nMZBOwuzabUO0nLgIcc6rycZEebF6eeUfaiQx9+WSk8e29IbLvPU9feI6tqW4kTo3hvoYAJkMh8n8D0fuISphg=="
  "resolved" "https://registry.npmmirror.com/vue-demi/-/vue-demi-0.14.10.tgz"
  "version" "0.14.10"

"vue-router@^4.5.0":
  "integrity" "sha512-Hz9q5sa33Yhduglwz6g9skT8OBPii+4bFn88w6J+J4MfEo4KRRpmiNG/hHHkdbRFlLBOqxN8y8gf2Fb0MTUgVg=="
  "resolved" "https://registry.npmmirror.com/vue-router/-/vue-router-4.6.4.tgz"
  "version" "4.6.4"
  dependencies:
    "@vue/devtools-api" "^6.6.4"

"vue-tsc@^2.2.8":
  "integrity" "sha512-P7OP77b2h/Pmk+lZdJ0YWs+5tJ6J2+uOQPo7tlBnY44QqQSPYvS0qVT4wqDJgwrZaLe47etJLLQRFia71GYITw=="
  "resolved" "https://registry.npmmirror.com/vue-tsc/-/vue-tsc-2.2.12.tgz"
  "version" "2.2.12"
  dependencies:
    "@volar/typescript" "2.4.15"
    "@vue/language-core" "2.2.12"

"vue@^2.7.0 || ^3.5.11", "vue@^3.0.0-0 || ^2.6.0", "vue@^3.2.0", "vue@^3.2.25", "vue@^3.3.0", "vue@^3.5.0", "vue@^3.5.13", "vue@3.5.32":
  "integrity" "sha512-vM4z4Q9tTafVfMAK7IVzmxg34rSzTFMyIe0UUEijUCkn9+23lj0WRfA83dg7eQZIUlgOSGrkViIaCfqSAUXsMw=="
  "resolved" "https://registry.npmmirror.com/vue/-/vue-3.5.32.tgz"
  "version" "3.5.32"
  dependencies:
    "@vue/compiler-dom" "3.5.32"
    "@vue/compiler-sfc" "3.5.32"
    "@vue/runtime-dom" "3.5.32"
    "@vue/server-renderer" "3.5.32"
    "@vue/shared" "3.5.32"

"w3c-keyname@^2.2.4":
  "integrity" "sha512-dpojBhNsCNN7T82Tm7k26A6G9ML3NkhDsnw9n/eoxSRlVBB4CEtIQ/KTCLI2Fwf3ataSXRhYFkQi3SlnFwPvPQ=="
  "resolved" "https://registry.npmmirror.com/w3c-keyname/-/w3c-keyname-2.2.8.tgz"
  "version" "2.2.8"

"xterm@^5.3.0":
  "integrity" "sha512-8QqjlekLUFTrU6x7xck1MsPzPA571K5zNqWm0M0oroYEWVOptZ0+ubQSkQ3uxIEhcIHRujJy6emDWX4A7qyFzg=="
  "resolved" "https://registry.npmmirror.com/xterm/-/xterm-5.3.0.tgz"
  "version" "5.3.0"
